
Microsoft Visual Studio Solution File, Format Version 12.00
# Visual Studio Version 16
VisualStudioVersion = 16.0.31005.135
MinimumVisualStudioVersion = 10.0.40219.1
Project("{FAE04EC0-301F-11D3-BF4B-00C04F79EFBC}") = "SuperHeroProject", "SuperHeroProject\SuperHeroProject.csproj", "{BAD17589-08D1-41AA-BFD2-93AE2DDA9AB2}"
EndProject
Global
	GlobalSection(SolutionConfigurationPlatforms) = preSolution
		Debug|Any CPU = Debug|Any CPU
		Release|Any CPU = Release|Any CPU
	EndGlobalSection
	GlobalSection(ProjectConfigurationPlatforms) = postSolution
		{BAD17589-08D1-41AA-BFD2-93AE2DDA9AB2}.Debug|Any CPU.ActiveCfg = Debug|Any CPU
		{BAD17589-08D1-41AA-BFD2-93AE2DDA9AB2}.Debug|Any CPU.Build.0 = Debug|Any CPU
		{BAD17589-08D1-41AA-BFD2-93AE2DDA9AB2}.Release|Any CPU.ActiveCfg = Release|Any CPU
		{BAD17589-08D1-41AA-BFD2-93AE2DDA9AB2}.Release|Any CPU.Build.0 = Release|Any CPU
	EndGlobalSection
	GlobalSection(SolutionProperties) = preSolution
		HideSolutionNode = FALSE
	EndGlobalSection
	GlobalSection(ExtensibilityGlobals) = postSolution
		SolutionGuid = {CDF080E4-5A5F-4695-95AC-501E95AE4558}
	EndGlobalSection
EndGlobal
